
Microsoft Visual Studio Solution File, Format Version 12.00
# Visual Studio Version 16
VisualStudioVersion = 16.0.28822.285
MinimumVisualStudioVersion = 10.0.40219.1
Project("{9A19103F-16F7-4668-BE54-9A1E7A4F7556}") = "ApigeeSDK", "Sources\ApigeeSDK.csproj", "{EF4E6EAD-2AC1-4F3E-A447-1BC8F30C6F10}"
EndProject
Project("{9A19103F-16F7-4668-BE54-9A1E7A4F7556}") = "ApigeeSDK.Integration.Tests", "Tests\Integration\ApigeeSDK.Integration.Tests.csproj", "{E6F0D9AF-2B7B-4965-A52D-26AD3B8C4848}"
EndProject
Project("{9A19103F-16F7-4668-BE54-9A1E7A4F7556}") = "ApigeeSDK.EndToEnd.Tests", "Tests\EndToEnd\ApigeeSDK.EndToEnd.Tests.csproj", "{0B45FFCA-A06A-40FE-9117-9F6098B4ED27}"
EndProject
Global
	GlobalSection(SolutionConfigurationPlatforms) = preSolution
		Debug|Any CPU = Debug|Any CPU
		Release|Any CPU = Release|Any CPU
	EndGlobalSection
	GlobalSection(ProjectConfigurationPlatforms) = postSolution
		{EF4E6EAD-2AC1-4F3E-A447-1BC8F30C6F10}.Debug|Any CPU.ActiveCfg = Debug|Any CPU
		{EF4E6EAD-2AC1-4F3E-A447-1BC8F30C6F10}.Debug|Any CPU.Build.0 = Debug|Any CPU
		{EF4E6EAD-2AC1-4F3E-A447-1BC8F30C6F10}.Release|Any CPU.ActiveCfg = Release|Any CPU
		{EF4E6EAD-2AC1-4F3E-A447-1BC8F30C6F10}.Release|Any CPU.Build.0 = Release|Any CPU
		{E6F0D9AF-2B7B-4965-A52D-26AD3B8C4848}.Debug|Any CPU.ActiveCfg = Debug|Any CPU
		{E6F0D9AF-2B7B-4965-A52D-26AD3B8C4848}.Debug|Any CPU.Build.0 = Debug|Any CPU
		{E6F0D9AF-2B7B-4965-A52D-26AD3B8C4848}.Release|Any CPU.ActiveCfg = Release|Any CPU
		{E6F0D9AF-2B7B-4965-A52D-26AD3B8C4848}.Release|Any CPU.Build.0 = Release|Any CPU
		{0B45FFCA-A06A-40FE-9117-9F6098B4ED27}.Debug|Any CPU.ActiveCfg = Debug|Any CPU
		{0B45FFCA-A06A-40FE-9117-9F6098B4ED27}.Debug|Any CPU.Build.0 = Debug|Any CPU
		{0B45FFCA-A06A-40FE-9117-9F6098B4ED27}.Release|Any CPU.ActiveCfg = Release|Any CPU
		{0B45FFCA-A06A-40FE-9117-9F6098B4ED27}.Release|Any CPU.Build.0 = Release|Any CPU
	EndGlobalSection
	GlobalSection(SolutionProperties) = preSolution
		HideSolutionNode = FALSE
	EndGlobalSection
	GlobalSection(ExtensibilityGlobals) = postSolution
		SolutionGuid = {A039B07B-7B36-46D1-AA03-238E4DB89FCD}
	EndGlobalSection
EndGlobal
